# This file is automatically @generated by Poetry 2.1.3 and should not be changed by hand.

[[package]]
name = "yt-dlp"
version = "2025.6.25"
description = "A feature-rich command-line audio/video downloader"
optional = false
python-versions = ">=3.9"
groups = ["main"]
files = [
    {file = "yt_dlp-2025.6.25-py3-none-any.whl", hash = "sha256:1eb31c9a47d56c7433be23a6ae084c640bd4e14961ad43076927ef05280871ea"},
    {file = "yt_dlp-2025.6.25.tar.gz", hash = "sha256:242b648e1a18ab04bdd4cc175a317fe8ec3ad7d0175eee9f981912624b3d6c8b"},
]

[package.extras]
build = ["build", "hatchling", "pip", "setuptools (>=71.0.2,<81)", "wheel"]
curl-cffi = ["curl-cffi (>=0.5.10,<0.6.dev0 || ==0.10.*) ; implementation_name == \"cpython\""]
default = ["brotli ; implementation_name == \"cpython\"", "brotlicffi ; implementation_name != \"cpython\"", "certifi", "mutagen", "pycryptodomex", "requests (>=2.32.2,<3)", "urllib3 (>=1.26.17,<3)", "websockets (>=13.0)"]
dev = ["autopep8 (>=2.0,<3.0)", "pre-commit", "pytest (>=8.1,<9.0)", "pytest-rerunfailures (>=14.0,<15.0)", "ruff (>=0.11.0,<0.12.0)"]
pyinstaller = ["pyinstaller (>=6.13.0)"]
secretstorage = ["cffi", "secretstorage"]
static-analysis = ["autopep8 (>=2.0,<3.0)", "ruff (>=0.11.0,<0.12.0)"]
test = ["pytest (>=8.1,<9.0)", "pytest-rerunfailures (>=14.0,<15.0)"]

[metadata]
lock-version = "2.1"
python-versions = ">=3.10"
content-hash = "18da746c988282ff0ee5fa32b9c472977caf5c169b4e8caa23da952de02ee9f7"
